// !$*UTF8*$!
{
	archiveVersion = 1;
	classes = {
	};
	objectVersion = 48;
	objects = {

/* Begin PBXBuildFile section */
		67F4B5151F8CE6AB00267023 /* AppDelegate.m in Sources */ = {isa = PBXBuildFile; fileRef = 67F4B5141F8CE6AB00267023 /* AppDelegate.m */; };
		67F4B5181F8CE6AB00267023 /* ViewController.m in Sources */ = {isa = PBXBuildFile; fileRef = 67F4B5171F8CE6AB00267023 /* ViewController.m */; };
		67F4B51B1F8CE6AB00267023 /* Main.storyboard in Resources */ = {isa = PBXBuildFile; fileRef = 67F4B5191F8CE6AB00267023 /* Main.storyboard */; };
		67F4B51D1F8CE6AB00267023 /* Assets.xcassets in Resources */ = {isa = PBXBuildFile; fileRef = 67F4B51C1F8CE6AB00267023 /* Assets.xcassets */; };
		67F4B5201F8CE6AB00267023 /* LaunchScreen.storyboard in Resources */ = {isa = PBXBuildFile; fileRef = 67F4B51E1F8CE6AB00267023 /* LaunchScreen.storyboard */; };
		67F4B5231F8CE6AB00267023 /* main.m in Sources */ = {isa = PBXBuildFile; fileRef = 67F4B5221F8CE6AB00267023 /* main.m */; };
		67F4B52C1F8CE74500267023 /* SXAlertView.m in Sources */ = {isa = PBXBuildFile; fileRef = 67F4B52B1F8CE74500267023 /* SXAlertView.m */; };
/* End PBXBuildFile section */

/* Begin PBXFileReference section */
		67F4B5101F8CE6AB00267023 /* SXAlertViewDemo.app */ = {isa = PBXFileReference; explicitFileType = wrapper.application; includeInIndex = 0; path = SXAlertViewDemo.app; sourceTree = BUILT_PRODUCTS_DIR; };
		67F4B5131F8CE6AB00267023 /* AppDelegate.h */ = {isa = PBXFileReference; lastKnownFileType = sourcecode.c.h; path = AppDelegate.h; sourceTree = "<group>"; };
		67F4B5141F8CE6AB00267023 /* AppDelegate.m */ = {isa = PBXFileReference; lastKnownFileType = sourcecode.c.objc; path = AppDelegate.m; sourceTree = "<group>"; };
		67F4B5161F8CE6AB00267023 /* ViewController.h */ = {isa = PBXFileReference; lastKnownFileType = sourcecode.c.h; path = ViewController.h; sourceTree = "<group>"; };
		67F4B5171F8CE6AB00267023 /* ViewController.m */ = {isa = PBXFileReference; lastKnownFileType = sourcecode.c.objc; path = ViewController.m; sourceTree = "<group>"; };
		67F4B51A1F8CE6AB00267023 /* Base */ = {isa = PBXFileReference; lastKnownFileType = file.storyboard; name = Base; path = Base.lproj/Main.storyboard; sourceTree = "<group>"; };
		67F4B51C1F8CE6AB00267023 /* Assets.xcassets */ = {isa = PBXFileReference; lastKnownFileType = folder.assetcatalog; path = Assets.xcassets; sourceTree = "<group>"; };
		67F4B51F1F8CE6AB00267023 /* Base */ = {isa = PBXFileReference; lastKnownFileType = file.storyboard; name = Base; path = Base.lproj/LaunchScreen.storyboard; sourceTree = "<group>"; };
		67F4B5211F8CE6AB00267023 /* Info.plist */ = {isa = PBXFileReference; lastKnownFileType = text.plist.xml; path = Info.plist; sourceTree = "<group>"; };
		67F4B5221F8CE6AB00267023 /* main.m */ = {isa = PBXFileReference; lastKnownFileType = sourcecode.c.objc; path = main.m; sourceTree = "<group>"; };
		67F4B52A1F8CE74500267023 /* SXAlertView.h */ = {isa = PBXFileReference; fileEncoding = 4; lastKnownFileType = sourcecode.c.h; path = SXAlertView.h; sourceTree = "<group>"; };
		67F4B52B1F8CE74500267023 /* SXAlertView.m */ = {isa = PBXFileReference; fileEncoding = 4; lastKnownFileType = sourcecode.c.objc; path = SXAlertView.m; sourceTree = "<group>"; };
/* End PBXFileReference section */

/* Begin PBXFrameworksBuildPhase section */
		67F4B50D1F8CE6AB00267023 /* Frameworks */ = {
			isa = PBXFrameworksBuildPhase;
			buildActionMask = 2147483647;
			files = (
			);
			runOnlyForDeploymentPostprocessing = 0;
		};
/* End PBXFrameworksBuildPhase section */

/* Begin PBXGroup section */
		67F4B5071F8CE6AB00267023 = {
			isa = PBXGroup;
			children = (
				67F4B5121F8CE6AB00267023 /* SXAlertViewDemo */,
				67F4B5111F8CE6AB00267023 /* Products */,
			);
			sourceTree = "<group>";
		};
		67F4B5111F8CE6AB00267023 /* Products */ = {
			isa = PBXGroup;
			children = (
				67F4B5101F8CE6AB00267023 /* SXAlertViewDemo.app */,
			);
			name = Products;
			sourceTree = "<group>";
		};
		67F4B5121F8CE6AB00267023 /* SXAlertViewDemo */ = {
			isa = PBXGroup;
			children = (
				67F4B5291F8CE74500267023 /* SXAlertView */,
				67F4B5131F8CE6AB00267023 /* AppDelegate.h */,
				67F4B5141F8CE6AB00267023 /* AppDelegate.m */,
				67F4B5161F8CE6AB00267023 /* ViewController.h */,
				67F4B5171F8CE6AB00267023 /* ViewController.m */,
				67F4B5191F8CE6AB00267023 /* Main.storyboard */,
				67F4B51C1F8CE6AB00267023 /* Assets.xcassets */,
				67F4B51E1F8CE6AB00267023 /* LaunchScreen.storyboard */,
				67F4B5211F8CE6AB00267023 /* Info.plist */,
				67F4B5221F8CE6AB00267023 /* main.m */,
			);
			path = SXAlertViewDemo;
			sourceTree = "<group>";
		};
		67F4B5291F8CE74500267023 /* SXAlertView */ = {
			isa = PBXGroup;
			children = (
				67F4B52A1F8CE74500267023 /* SXAlertView.h */,
				67F4B52B1F8CE74500267023 /* SXAlertView.m */,
			);
			name = SXAlertView;
			path = ../../SXAlertView;
			sourceTree = "<group>";
		};
/* End PBXGroup section */

/* Begin PBXNativeTarget section */
		67F4B50F1F8CE6AB00267023 /* SXAlertViewDemo */ = {
			isa = PBXNativeTarget;
			buildConfigurationList = 67F4B5261F8CE6AB00267023 /* Build configuration list for PBXNativeTarget "SXAlertViewDemo" */;
			buildPhases = (
				67F4B50C1F8CE6AB00267023 /* Sources */,
				67F4B50D1F8CE6AB00267023 /* Frameworks */,
				67F4B50E1F8CE6AB00267023 /* Resources */,
			);
			buildRules = (
			);
			dependencies = (
			);
			name = SXAlertViewDemo;
			productName = SXAlertViewDemo;
			productReference = 67F4B5101F8CE6AB00267023 /* SXAlertViewDemo.app */;
			productType = "com.apple.product-type.application";
		};
/* End PBXNativeTarget section */

/* Begin PBXProject section */
		67F4B5081F8CE6AB00267023 /* Project object */ = {
			isa = PBXProject;
			attributes = {
				LastUpgradeCheck = 0900;
				ORGANIZATIONNAME = "沈兆良";
				TargetAttributes = {
					67F4B50F1F8CE6AB00267023 = {
						CreatedOnToolsVersion = 9.0;
						ProvisioningStyle = Automatic;
					};
				};
			};
			buildConfigurationList = 67F4B50B1F8CE6AB00267023 /* Build configuration list for PBXProject "SXAlertViewDemo" */;
			compatibilityVersion = "Xcode 8.0";
			developmentRegion = en;
			hasScannedForEncodings = 0;
			knownRegions = (
				en,
				Base,
			);
			mainGroup = 67F4B5071F8CE6AB00267023;
			productRefGroup = 67F4B5111F8CE6AB00267023 /* Products */;
			projectDirPath = "";
			projectRoot = "";
			targets = (
				67F4B50F1F8CE6AB00267023 /* SXAlertViewDemo */,
			);
		};
/* End PBXProject section */

/* Begin PBXResourcesBuildPhase section */
		67F4B50E1F8CE6AB00267023 /* Resources */ = {
			isa = PBXResourcesBuildPhase;
			buildActionMask = 2147483647;
			files = (
				67F4B5201F8CE6AB00267023 /* LaunchScreen.storyboard in Resources */,
				67F4B51D1F8CE6AB00267023 /* Assets.xcassets in Resources */,
				67F4B51B1F8CE6AB00267023 /* Main.storyboard in Resources */,
			);
			runOnlyForDeploymentPostprocessing = 0;
		};
/* End PBXResourcesBuildPhase section */

/* Begin PBXSourcesBuildPhase section */
		67F4B50C1F8CE6AB00267023 /* Sources */ = {
			isa = PBXSourcesBuildPhase;
			buildActionMask = 2147483647;
			files = (
				67F4B5181F8CE6AB00267023 /* ViewController.m in Sources */,
				67F4B5231F8CE6AB00267023 /* main.m in Sources */,
				67F4B52C1F8CE74500267023 /* SXAlertView.m in Sources */,
				67F4B5151F8CE6AB00267023 /* AppDelegate.m in Sources */,
			);
			runOnlyForDeploymentPostprocessing = 0;
		};
/* End PBXSourcesBuildPhase section */

/* Begin PBXVariantGroup section */
		67F4B5191F8CE6AB00267023 /* Main.storyboard */ = {
			isa = PBXVariantGroup;
			children = (
				67F4B51A1F8CE6AB00267023 /* Base */,
			);
			name = Main.storyboard;
			sourceTree = "<group>";
		};
		67F4B51E1F8CE6AB00267023 /* LaunchScreen.storyboard */ = {
			isa = PBXVariantGroup;
			children = (
				67F4B51F1F8CE6AB00267023 /* Base */,
			);
			name = LaunchScreen.storyboard;
			sourceTree = "<group>";
		};
/* End PBXVariantGroup section */

/* Begin XCBuildConfiguration section */
		67F4B5241F8CE6AB00267023 /* Debug */ = {
			isa = XCBuildConfiguration;
			buildSettings = {
				ALWAYS_SEARCH_USER_PATHS = NO;
				CLANG_ANALYZER_NONNULL = YES;
				CLANG_ANALYZER_NUMBER_OBJECT_CONVERSION = YES_AGGRESSIVE;
				CLANG_CXX_LANGUAGE_STANDARD = "gnu++14";
				CLANG_CXX_LIBRARY = "libc++";
				CLANG_ENABLE_MODULES = YES;
				CLANG_ENABLE_OBJC_ARC = YES;
				CLANG_WARN_BLOCK_CAPTURE_AUTORELEASING = YES;
				CLANG_WARN_BOOL_CONVERSION = YES;
				CLANG_WARN_COMMA = YES;
				CLANG_WARN_CONSTANT_CONVERSION = YES;
				CLANG_WARN_DIRECT_OBJC_ISA_USAGE = YES_ERROR;
				CLANG_WARN_DOCUMENTATION_COMMENTS = YES;
				CLANG_WARN_EMPTY_BODY = YES;
				CLANG_WARN_ENUM_CONVERSION = YES;
				CLANG_WARN_INFINITE_RECURSION = YES;
				CLANG_WARN_INT_CONVERSION = YES;
				CLANG_WARN_NON_LITERAL_NULL_CONVERSION = YES;
				CLANG_WARN_OBJC_LITERAL_CONVERSION = YES;
				CLANG_WARN_OBJC_ROOT_CLASS = YES_ERROR;
				CLANG_WARN_RANGE_LOOP_ANALYSIS = YES;
				CLANG_WARN_STRICT_PROTOTYPES = YES;
				CLANG_WARN_SUSPICIOUS_MOVE = YES;
				CLANG_WARN_UNGUARDED_AVAILABILITY = YES_AGGRESSIVE;
				CLANG_WARN_UNREACHABLE_CODE = YES;
				CLANG_WARN__DUPLICATE_METHOD_MATCH = YES;
				CODE_SIGN_IDENTITY = "iPhone Developer";
				COPY_PHASE_STRIP = NO;
				DEBUG_INFORMATION_FORMAT = dwarf;
				ENABLE_STRICT_OBJC_MSGSEND = YES;
				ENABLE_TESTABILITY = YES;
				GCC_C_LANGUAGE_STANDARD = gnu11;
				GCC_DYNAMIC_NO_PIC = NO;
				GCC_NO_COMMON_BLOCKS = YES;
				GCC_OPTIMIZATION_LEVEL = 0;
				GCC_PREPROCESSOR_DEFINITIONS = (
					"DEBUG=1",
					"$(inherited)",
				);
				GCC_WARN_64_TO_32_BIT_CONVERSION = YES;
				GCC_WARN_ABOUT_RETURN_TYPE = YES_ERROR;
				GCC_WARN_UNDECLARED_SELECTOR = YES;
				GCC_WARN_UNINITIALIZED_AUTOS = YES_AGGRESSIVE;
				GCC_WARN_UNUSED_FUNCTION = YES;
				GCC_WARN_UNUSED_VARIABLE = YES;
				IPHONEOS_DEPLOYMENT_TARGET = 8.0;
				MTL_ENABLE_DEBUG_INFO = YES;
				ONLY_ACTIVE_ARCH = YES;
				SDKROOT = iphoneos;
			};
			name = Debug;
		};
		67F4B5251F8CE6AB00267023 /* Release */ = {
			isa = XCBuildConfiguration;
			buildSettings = {
				ALWAYS_SEARCH_USER_PATHS = NO;
				CLANG_ANALYZER_NONNULL = YES;
				CLANG_ANALYZER_NUMBER_OBJECT_CONVERSION = YES_AGGRESSIVE;
				CLANG_CXX_LANGUAGE_STANDARD = "gnu++14";
				CLANG_CXX_LIBRARY = "libc++";
				CLANG_ENABLE_MODULES = YES;
				CLANG_ENABLE_OBJC_ARC = YES;
				CLANG_WARN_BLOCK_CAPTURE_AUTORELEASING = YES;
				CLANG_WARN_BOOL_CONVERSION = YES;
				CLANG_WARN_COMMA = YES;
				CLANG_WARN_CONSTANT_CONVERSION = YES;
				CLANG_WARN_DIRECT_OBJC_ISA_USAGE = YES_ERROR;
				CLANG_WARN_DOCUMENTATION_COMMENTS = YES;
				CLANG_WARN_EMPTY_BODY = YES;
				CLANG_WARN_ENUM_CONVERSION = YES;
				CLANG_WARN_INFINITE_RECURSION = YES;
				CLANG_WARN_INT_CONVERSION = YES;
				CLANG_WARN_NON_LITERAL_NULL_CONVERSION = YES;
				CLANG_WARN_OBJC_LITERAL_CONVERSION = YES;
				CLANG_WARN_OBJC_ROOT_CLASS = YES_ERROR;
				CLANG_WARN_RANGE_LOOP_ANALYSIS = YES;
				CLANG_WARN_STRICT_PROTOTYPES = YES;
				CLANG_WARN_SUSPICIOUS_MOVE = YES;
				CLANG_WARN_UNGUARDED_AVAILABILITY = YES_AGGRESSIVE;
				CLANG_WARN_UNREACHABLE_CODE = YES;
				CLANG_WARN__DUPLICATE_METHOD_MATCH = YES;
				CODE_SIGN_IDENTITY = "iPhone Developer";
				COPY_PHASE_STRIP = NO;
				DEBUG_INFORMATION_FORMAT = "dwarf-with-dsym";
				ENABLE_NS_ASSERTIONS = NO;
				ENABLE_STRICT_OBJC_MSGSEND = YES;
				GCC_C_LANGUAGE_STANDARD = gnu11;
				GCC_NO_COMMON_BLOCKS = YES;
				GCC_WARN_64_TO_32_BIT_CONVERSION = YES;
				GCC_WARN_ABOUT_RETURN_TYPE = YES_ERROR;
				GCC_WARN_UNDECLARED_SELECTOR = YES;
				GCC_WARN_UNINITIALIZED_AUTOS = YES_AGGRESSIVE;
				GCC_WARN_UNUSED_FUNCTION = YES;
				GCC_WARN_UNUSED_VARIABLE = YES;
				IPHONEOS_DEPLOYMENT_TARGET = 8.0;
				MTL_ENABLE_DEBUG_INFO = NO;
				SDKROOT = iphoneos;
				VALIDATE_PRODUCT = YES;
			};
			name = Release;
		};
		67F4B5271F8CE6AB00267023 /* Debug */ = {
			isa = XCBuildConfiguration;
			buildSettings = {
				ASSETCATALOG_COMPILER_APPICON_NAME = AppIcon;
				CODE_SIGN_STYLE = Automatic;
				DEVELOPMENT_TEAM = Z25J3BA353;
				INFOPLIST_FILE = SXAlertViewDemo/Info.plist;
				IPHONEOS_DEPLOYMENT_TARGET = 8.0;
				LD_RUNPATH_SEARCH_PATHS = "$(inherited) @executable_path/Frameworks";
				PRODUCT_BUNDLE_IDENTIFIER = com.st.cn.st3;
				PRODUCT_NAME = "$(TARGET_NAME)";
				TARGETED_DEVICE_FAMILY = "1,2";
			};
			name = Debug;
		};
		67F4B5281F8CE6AB00267023 /* Release */ = {
			isa = XCBuildConfiguration;
			buildSettings = {
				ASSETCATALOG_COMPILER_APPICON_NAME = AppIcon;
				CODE_SIGN_STYLE = Automatic;
				DEVELOPMENT_TEAM = Z25J3BA353;
				INFOPLIST_FILE = SXAlertViewDemo/Info.plist;
				IPHONEOS_DEPLOYMENT_TARGET = 8.0;
				LD_RUNPATH_SEARCH_PATHS = "$(inherited) @executable_path/Frameworks";
				PRODUCT_BUNDLE_IDENTIFIER = com.st.cn.st3;
				PRODUCT_NAME = "$(TARGET_NAME)";
				TARGETED_DEVICE_FAMILY = "1,2";
			};
			name = Release;
		};
/* End XCBuildConfiguration section */

/* Begin XCConfigurationList section */
		67F4B50B1F8CE6AB00267023 /* Build configuration list for PBXProject "SXAlertViewDemo" */ = {
			isa = XCConfigurationList;
			buildConfigurations = (
				67F4B5241F8CE6AB00267023 /* Debug */,
				67F4B5251F8CE6AB00267023 /* Release */,
			);
			defaultConfigurationIsVisible = 0;
			defaultConfigurationName = Release;
		};
		67F4B5261F8CE6AB00267023 /* Build configuration list for PBXNativeTarget "SXAlertViewDemo" */ = {
			isa = XCConfigurationList;
			buildConfigurations = (
				67F4B5271F8CE6AB00267023 /* Debug */,
				67F4B5281F8CE6AB00267023 /* Release */,
			);
			defaultConfigurationIsVisible = 0;
			defaultConfigurationName = Release;
		};
/* End XCConfigurationList section */
	};
	rootObject = 67F4B5081F8CE6AB00267023 /* Project object */;
}
