// !$*UTF8*$!
{
	archiveVersion = 1;
	classes = {
	};
	objectVersion = 46;
	objects = {

/* Begin PBXBuildFile section */
		705B4E1B1E6E45AE00915B05 /* ViewController.m in Sources */ = {isa = PBXBuildFile; fileRef = 705B4E181E6E45AE00915B05 /* ViewController.m */; };
		705B4E1C1E6E45AE00915B05 /* STAlertView.m in Sources */ = {isa = PBXBuildFile; fileRef = 705B4E1A1E6E45AE00915B05 /* STAlertView.m */; };
		774F95FA1C35069700176598 /* main.m in Sources */ = {isa = PBXBuildFile; fileRef = 774F95F91C35069700176598 /* main.m */; };
		774F95FD1C35069700176598 /* AppDelegate.m in Sources */ = {isa = PBXBuildFile; fileRef = 774F95FC1C35069700176598 /* AppDelegate.m */; };
		774F96031C35069700176598 /* Main.storyboard in Resources */ = {isa = PBXBuildFile; fileRef = 774F96011C35069700176598 /* Main.storyboard */; };
		774F96051C35069700176598 /* Assets.xcassets in Resources */ = {isa = PBXBuildFile; fileRef = 774F96041C35069700176598 /* Assets.xcassets */; };
		774F96081C35069700176598 /* LaunchScreen.storyboard in Resources */ = {isa = PBXBuildFile; fileRef = 774F96061C35069700176598 /* LaunchScreen.storyboard */; };
/* End PBXBuildFile section */

/* Begin PBXFileReference section */
		705B4E171E6E45AE00915B05 /* ViewController.h */ = {isa = PBXFileReference; fileEncoding = 4; lastKnownFileType = sourcecode.c.h; path = ViewController.h; sourceTree = "<group>"; };
		705B4E181E6E45AE00915B05 /* ViewController.m */ = {isa = PBXFileReference; fileEncoding = 4; lastKnownFileType = sourcecode.c.objc; path = ViewController.m; sourceTree = "<group>"; };
		705B4E191E6E45AE00915B05 /* STAlertView.h */ = {isa = PBXFileReference; fileEncoding = 4; lastKnownFileType = sourcecode.c.h; path = STAlertView.h; sourceTree = "<group>"; };
		705B4E1A1E6E45AE00915B05 /* STAlertView.m */ = {isa = PBXFileReference; fileEncoding = 4; lastKnownFileType = sourcecode.c.objc; path = STAlertView.m; sourceTree = "<group>"; };
		774F95F51C35069700176598 /* STAlertViewDemo.app */ = {isa = PBXFileReference; explicitFileType = wrapper.application; includeInIndex = 0; path = STAlertViewDemo.app; sourceTree = BUILT_PRODUCTS_DIR; };
		774F95F91C35069700176598 /* main.m */ = {isa = PBXFileReference; lastKnownFileType = sourcecode.c.objc; path = main.m; sourceTree = "<group>"; };
		774F95FB1C35069700176598 /* AppDelegate.h */ = {isa = PBXFileReference; lastKnownFileType = sourcecode.c.h; path = AppDelegate.h; sourceTree = "<group>"; };
		774F95FC1C35069700176598 /* AppDelegate.m */ = {isa = PBXFileReference; lastKnownFileType = sourcecode.c.objc; path = AppDelegate.m; sourceTree = "<group>"; };
		774F96021C35069700176598 /* Base */ = {isa = PBXFileReference; lastKnownFileType = file.storyboard; name = Base; path = Base.lproj/Main.storyboard; sourceTree = "<group>"; };
		774F96041C35069700176598 /* Assets.xcassets */ = {isa = PBXFileReference; lastKnownFileType = folder.assetcatalog; path = Assets.xcassets; sourceTree = "<group>"; };
		774F96071C35069700176598 /* Base */ = {isa = PBXFileReference; lastKnownFileType = file.storyboard; name = Base; path = Base.lproj/LaunchScreen.storyboard; sourceTree = "<group>"; };
		774F96091C35069700176598 /* Info.plist */ = {isa = PBXFileReference; lastKnownFileType = text.plist.xml; path = Info.plist; sourceTree = "<group>"; };
/* End PBXFileReference section */

/* Begin PBXFrameworksBuildPhase section */
		774F95F21C35069700176598 /* Frameworks */ = {
			isa = PBXFrameworksBuildPhase;
			buildActionMask = 2147483647;
			files = (
			);
			runOnlyForDeploymentPostprocessing = 0;
		};
/* End PBXFrameworksBuildPhase section */

/* Begin PBXGroup section */
		774F95EC1C35069700176598 = {
			isa = PBXGroup;
			children = (
				774F95F71C35069700176598 /* STAlertViewDemo */,
				774F95F61C35069700176598 /* Products */,
			);
			sourceTree = "<group>";
		};
		774F95F61C35069700176598 /* Products */ = {
			isa = PBXGroup;
			children = (
				774F95F51C35069700176598 /* STAlertViewDemo.app */,
			);
			name = Products;
			sourceTree = "<group>";
		};
		774F95F71C35069700176598 /* STAlertViewDemo */ = {
			isa = PBXGroup;
			children = (
				774F95FB1C35069700176598 /* AppDelegate.h */,
				774F95FC1C35069700176598 /* AppDelegate.m */,
				705B4E171E6E45AE00915B05 /* ViewController.h */,
				705B4E181E6E45AE00915B05 /* ViewController.m */,
				705B4E191E6E45AE00915B05 /* STAlertView.h */,
				705B4E1A1E6E45AE00915B05 /* STAlertView.m */,
				774F96011C35069700176598 /* Main.storyboard */,
				774F96041C35069700176598 /* Assets.xcassets */,
				774F96061C35069700176598 /* LaunchScreen.storyboard */,
				774F96091C35069700176598 /* Info.plist */,
				774F95F81C35069700176598 /* Supporting Files */,
			);
			path = STAlertViewDemo;
			sourceTree = "<group>";
		};
		774F95F81C35069700176598 /* Supporting Files */ = {
			isa = PBXGroup;
			children = (
				774F95F91C35069700176598 /* main.m */,
			);
			name = "Supporting Files";
			sourceTree = "<group>";
		};
/* End PBXGroup section */

/* Begin PBXNativeTarget section */
		774F95F41C35069700176598 /* STAlertViewDemo */ = {
			isa = PBXNativeTarget;
			buildConfigurationList = 774F96221C35069700176598 /* Build configuration list for PBXNativeTarget "STAlertViewDemo" */;
			buildPhases = (
				774F95F11C35069700176598 /* Sources */,
				774F95F21C35069700176598 /* Frameworks */,
				774F95F31C35069700176598 /* Resources */,
			);
			buildRules = (
			);
			dependencies = (
			);
			name = STAlertViewDemo;
			productName = STAlertViewDemo;
			productReference = 774F95F51C35069700176598 /* STAlertViewDemo.app */;
			productType = "com.apple.product-type.application";
		};
/* End PBXNativeTarget section */

/* Begin PBXProject section */
		774F95ED1C35069700176598 /* Project object */ = {
			isa = PBXProject;
			attributes = {
				LastUpgradeCheck = 0710;
				ORGANIZATIONNAME = ST;
				TargetAttributes = {
					774F95F41C35069700176598 = {
						CreatedOnToolsVersion = 7.1;
						DevelopmentTeam = Z25J3BA353;
					};
				};
			};
			buildConfigurationList = 774F95F01C35069700176598 /* Build configuration list for PBXProject "STAlertViewDemo" */;
			compatibilityVersion = "Xcode 3.2";
			developmentRegion = English;
			hasScannedForEncodings = 0;
			knownRegions = (
				en,
				Base,
			);
			mainGroup = 774F95EC1C35069700176598;
			productRefGroup = 774F95F61C35069700176598 /* Products */;
			projectDirPath = "";
			projectRoot = "";
			targets = (
				774F95F41C35069700176598 /* STAlertViewDemo */,
			);
		};
/* End PBXProject section */

/* Begin PBXResourcesBuildPhase section */
		774F95F31C35069700176598 /* Resources */ = {
			isa = PBXResourcesBuildPhase;
			buildActionMask = 2147483647;
			files = (
				774F96081C35069700176598 /* LaunchScreen.storyboard in Resources */,
				774F96051C35069700176598 /* Assets.xcassets in Resources */,
				774F96031C35069700176598 /* Main.storyboard in Resources */,
			);
			runOnlyForDeploymentPostprocessing = 0;
		};
/* End PBXResourcesBuildPhase section */

/* Begin PBXSourcesBuildPhase section */
		774F95F11C35069700176598 /* Sources */ = {
			isa = PBXSourcesBuildPhase;
			buildActionMask = 2147483647;
			files = (
				705B4E1B1E6E45AE00915B05 /* ViewController.m in Sources */,
				774F95FD1C35069700176598 /* AppDelegate.m in Sources */,
				705B4E1C1E6E45AE00915B05 /* STAlertView.m in Sources */,
				774F95FA1C35069700176598 /* main.m in Sources */,
			);
			runOnlyForDeploymentPostprocessing = 0;
		};
/* End PBXSourcesBuildPhase section */

/* Begin PBXVariantGroup section */
		774F96011C35069700176598 /* Main.storyboard */ = {
			isa = PBXVariantGroup;
			children = (
				774F96021C35069700176598 /* Base */,
			);
			name = Main.storyboard;
			sourceTree = "<group>";
		};
		774F96061C35069700176598 /* LaunchScreen.storyboard */ = {
			isa = PBXVariantGroup;
			children = (
				774F96071C35069700176598 /* Base */,
			);
			name = LaunchScreen.storyboard;
			sourceTree = "<group>";
		};
/* End PBXVariantGroup section */

/* Begin XCBuildConfiguration section */
		774F96201C35069700176598 /* Debug */ = {
			isa = XCBuildConfiguration;
			buildSettings = {
				ALWAYS_SEARCH_USER_PATHS = NO;
				CLANG_CXX_LANGUAGE_STANDARD = "gnu++0x";
				CLANG_CXX_LIBRARY = "libc++";
				CLANG_ENABLE_MODULES = YES;
				CLANG_ENABLE_OBJC_ARC = YES;
				CLANG_WARN_BOOL_CONVERSION = YES;
				CLANG_WARN_CONSTANT_CONVERSION = YES;
				CLANG_WARN_DIRECT_OBJC_ISA_USAGE = YES_ERROR;
				CLANG_WARN_EMPTY_BODY = YES;
				CLANG_WARN_ENUM_CONVERSION = YES;
				CLANG_WARN_INT_CONVERSION = YES;
				CLANG_WARN_OBJC_ROOT_CLASS = YES_ERROR;
				CLANG_WARN_UNREACHABLE_CODE = YES;
				CLANG_WARN__DUPLICATE_METHOD_MATCH = YES;
				"CODE_SIGN_IDENTITY[sdk=iphoneos*]" = "iPhone Developer";
				COPY_PHASE_STRIP = NO;
				DEBUG_INFORMATION_FORMAT = dwarf;
				ENABLE_STRICT_OBJC_MSGSEND = YES;
				ENABLE_TESTABILITY = YES;
				GCC_C_LANGUAGE_STANDARD = gnu99;
				GCC_DYNAMIC_NO_PIC = NO;
				GCC_NO_COMMON_BLOCKS = YES;
				GCC_OPTIMIZATION_LEVEL = 0;
				GCC_PREPROCESSOR_DEFINITIONS = (
					"DEBUG=1",
					"$(inherited)",
				);
				GCC_WARN_64_TO_32_BIT_CONVERSION = YES;
				GCC_WARN_ABOUT_RETURN_TYPE = YES_ERROR;
				GCC_WARN_UNDECLARED_SELECTOR = YES;
				GCC_WARN_UNINITIALIZED_AUTOS = YES_AGGRESSIVE;
				GCC_WARN_UNUSED_FUNCTION = YES;
				GCC_WARN_UNUSED_VARIABLE = YES;
				IPHONEOS_DEPLOYMENT_TARGET = 8.0;
				MTL_ENABLE_DEBUG_INFO = YES;
				ONLY_ACTIVE_ARCH = YES;
				SDKROOT = iphoneos;
			};
			name = Debug;
		};
		774F96211C35069700176598 /* Release */ = {
			isa = XCBuildConfiguration;
			buildSettings = {
				ALWAYS_SEARCH_USER_PATHS = NO;
				CLANG_CXX_LANGUAGE_STANDARD = "gnu++0x";
				CLANG_CXX_LIBRARY = "libc++";
				CLANG_ENABLE_MODULES = YES;
				CLANG_ENABLE_OBJC_ARC = YES;
				CLANG_WARN_BOOL_CONVERSION = YES;
				CLANG_WARN_CONSTANT_CONVERSION = YES;
				CLANG_WARN_DIRECT_OBJC_ISA_USAGE = YES_ERROR;
				CLANG_WARN_EMPTY_BODY = YES;
				CLANG_WARN_ENUM_CONVERSION = YES;
				CLANG_WARN_INT_CONVERSION = YES;
				CLANG_WARN_OBJC_ROOT_CLASS = YES_ERROR;
				CLANG_WARN_UNREACHABLE_CODE = YES;
				CLANG_WARN__DUPLICATE_METHOD_MATCH = YES;
				"CODE_SIGN_IDENTITY[sdk=iphoneos*]" = "iPhone Developer";
				COPY_PHASE_STRIP = NO;
				DEBUG_INFORMATION_FORMAT = "dwarf-with-dsym";
				ENABLE_NS_ASSERTIONS = NO;
				ENABLE_STRICT_OBJC_MSGSEND = YES;
				GCC_C_LANGUAGE_STANDARD = gnu99;
				GCC_NO_COMMON_BLOCKS = YES;
				GCC_WARN_64_TO_32_BIT_CONVERSION = YES;
				GCC_WARN_ABOUT_RETURN_TYPE = YES_ERROR;
				GCC_WARN_UNDECLARED_SELECTOR = YES;
				GCC_WARN_UNINITIALIZED_AUTOS = YES_AGGRESSIVE;
				GCC_WARN_UNUSED_FUNCTION = YES;
				GCC_WARN_UNUSED_VARIABLE = YES;
				IPHONEOS_DEPLOYMENT_TARGET = 8.0;
				MTL_ENABLE_DEBUG_INFO = NO;
				SDKROOT = iphoneos;
				VALIDATE_PRODUCT = YES;
			};
			name = Release;
		};
		774F96231C35069700176598 /* Debug */ = {
			isa = XCBuildConfiguration;
			buildSettings = {
				ASSETCATALOG_COMPILER_APPICON_NAME = AppIcon;
				CODE_SIGN_IDENTITY = "iPhone Developer";
				INFOPLIST_FILE = STAlertViewDemo/Info.plist;
				LD_RUNPATH_SEARCH_PATHS = "$(inherited) @executable_path/Frameworks";
				PRODUCT_BUNDLE_IDENTIFIER = com.shentian.STAlertViewDemo;
				PRODUCT_NAME = "$(TARGET_NAME)";
			};
			name = Debug;
		};
		774F96241C35069700176598 /* Release */ = {
			isa = XCBuildConfiguration;
			buildSettings = {
				ASSETCATALOG_COMPILER_APPICON_NAME = AppIcon;
				CODE_SIGN_IDENTITY = "iPhone Developer";
				INFOPLIST_FILE = STAlertViewDemo/Info.plist;
				LD_RUNPATH_SEARCH_PATHS = "$(inherited) @executable_path/Frameworks";
				PRODUCT_BUNDLE_IDENTIFIER = com.shentian.STAlertViewDemo;
				PRODUCT_NAME = "$(TARGET_NAME)";
			};
			name = Release;
		};
/* End XCBuildConfiguration section */

/* Begin XCConfigurationList section */
		774F95F01C35069700176598 /* Build configuration list for PBXProject "STAlertViewDemo" */ = {
			isa = XCConfigurationList;
			buildConfigurations = (
				774F96201C35069700176598 /* Debug */,
				774F96211C35069700176598 /* Release */,
			);
			defaultConfigurationIsVisible = 0;
			defaultConfigurationName = Release;
		};
		774F96221C35069700176598 /* Build configuration list for PBXNativeTarget "STAlertViewDemo" */ = {
			isa = XCConfigurationList;
			buildConfigurations = (
				774F96231C35069700176598 /* Debug */,
				774F96241C35069700176598 /* Release */,
			);
			defaultConfigurationIsVisible = 0;
			defaultConfigurationName = Release;
		};
/* End XCConfigurationList section */
	};
	rootObject = 774F95ED1C35069700176598 /* Project object */;
}
